
Microsoft Visual Studio Solution File, Format Version 12.00
# Visual Studio Version 16
VisualStudioVersion = 16.0.30503.244
MinimumVisualStudioVersion = 10.0.40219.1
Project("{FAE04EC0-301F-11D3-BF4B-00C04F79EFBC}") = "FluidMan", "FluidMan\FluidMan.csproj", "{907B6FB0-334E-47D4-8E9E-4130D46AC334}"
EndProject
Project("{FAE04EC0-301F-11D3-BF4B-00C04F79EFBC}") = "ConsoleFluid", "ConsoleFluid\ConsoleFluid.csproj", "{7AAD7E1E-39FC-424C-BEAD-E3597A9B4278}"
EndProject
Global
	GlobalSection(SolutionConfigurationPlatforms) = preSolution
		Debug|Any CPU = Debug|Any CPU
		Release|Any CPU = Release|Any CPU
	EndGlobalSection
	GlobalSection(ProjectConfigurationPlatforms) = postSolution
		{907B6FB0-334E-47D4-8E9E-4130D46AC334}.Debug|Any CPU.ActiveCfg = Debug|Any CPU
		{907B6FB0-334E-47D4-8E9E-4130D46AC334}.Debug|Any CPU.Build.0 = Debug|Any CPU
		{907B6FB0-334E-47D4-8E9E-4130D46AC334}.Release|Any CPU.ActiveCfg = Release|Any CPU
		{907B6FB0-334E-47D4-8E9E-4130D46AC334}.Release|Any CPU.Build.0 = Release|Any CPU
		{7AAD7E1E-39FC-424C-BEAD-E3597A9B4278}.Debug|Any CPU.ActiveCfg = Debug|Any CPU
		{7AAD7E1E-39FC-424C-BEAD-E3597A9B4278}.Debug|Any CPU.Build.0 = Debug|Any CPU
		{7AAD7E1E-39FC-424C-BEAD-E3597A9B4278}.Release|Any CPU.ActiveCfg = Release|Any CPU
		{7AAD7E1E-39FC-424C-BEAD-E3597A9B4278}.Release|Any CPU.Build.0 = Release|Any CPU
	EndGlobalSection
	GlobalSection(SolutionProperties) = preSolution
		HideSolutionNode = FALSE
	EndGlobalSection
	GlobalSection(ExtensibilityGlobals) = postSolution
		SolutionGuid = {6615F22F-B078-4DC6-BE67-8A76A0A6DE82}
	EndGlobalSection
EndGlobal
